
Microsoft Visual Studio Solution File, Format Version 12.00
# Visual Studio Version 17
VisualStudioVersion = 17.0.31903.59
MinimumVisualStudioVersion = 10.0.40219.1
Project("{2150E333-8FDC-42A3-9474-1A3956D46DE8}") = "src", "src", "{827E0CD3-B72D-47B6-A68D-7590B98EB39B}"
EndProject
Project("{FAE04EC0-301F-11D3-BF4B-00C04F79EFBC}") = "Briscola.Domain", "src\Briscola.Domain\Briscola.Domain.csproj", "{D33A72F9-8B0C-4244-971E-78A678E7548E}"
EndProject
Project("{FAE04EC0-301F-11D3-BF4B-00C04F79EFBC}") = "Briscola.Application", "src\Briscola.Application\Briscola.Application.csproj", "{054B86DD-053B-4E7E-9136-AED428A46319}"
EndProject
Project("{FAE04EC0-301F-11D3-BF4B-00C04F79EFBC}") = "Briscola.Infrastructure", "src\Briscola.Infrastructure\Briscola.Infrastructure.csproj", "{B38EDB70-048F-4937-B7C4-38DE3AC4B41F}"
EndProject
Project("{FAE04EC0-301F-11D3-BF4B-00C04F79EFBC}") = "Briscola.Api", "src\Briscola.Api\Briscola.Api.csproj", "{8CEF015C-143C-44A7-8D62-929BAC6AF0BD}"
EndProject
Project("{2150E333-8FDC-42A3-9474-1A3956D46DE8}") = "tests", "tests", "{0AB3BF05-4346-4AA6-1389-037BE0695223}"
EndProject
Project("{FAE04EC0-301F-11D3-BF4B-00C04F79EFBC}") = "Briscola.Domain.Tests", "tests\Briscola.Domain.Tests\Briscola.Domain.Tests.csproj", "{D7CEF000-881E-4921-B952-C7F9BB198033}"
EndProject
Project("{FAE04EC0-301F-11D3-BF4B-00C04F79EFBC}") = "Briscola.Application.Tests", "tests\Briscola.Application.Tests\Briscola.Application.Tests.csproj", "{35BDE09C-BDCE-4C77-B728-0812676B8CC9}"
EndProject
Project("{FAE04EC0-301F-11D3-BF4B-00C04F79EFBC}") = "Briscola.Api.IntegrationTests", "tests\Briscola.Api.IntegrationTests\Briscola.Api.IntegrationTests.csproj", "{57EAECD9-4DEC-4D1D-9CCE-1748AF282E96}"
EndProject
Project("{FAE04EC0-301F-11D3-BF4B-00C04F79EFBC}") = "Briscola.Infrastructure.Sqlite.Migrations", "src\Briscola.Infrastructure.Sqlite.Migrations\Briscola.Infrastructure.Sqlite.Migrations.csproj", "{FB8A9656-CE43-4572-8936-D34709F80227}"
EndProject
Project("{FAE04EC0-301F-11D3-BF4B-00C04F79EFBC}") = "Briscola.Infrastructure.Postgres.Migrations", "src\Briscola.Infrastructure.Postgres.Migrations\Briscola.Infrastructure.Postgres.Migrations.csproj", "{ACE170D7-5D42-4310-872E-63B154900BA1}"
EndProject
Project("{2150E333-8FDC-42A3-9474-1A3956D46DE8}") = "tools", "tools", "{07C2787E-EAC7-C090-1BA3-A61EC2A24D84}"
EndProject
Project("{FAE04EC0-301F-11D3-BF4B-00C04F79EFBC}") = "Briscola.StressTest", "tools\Briscola.StressTest\Briscola.StressTest.csproj", "{1EA5E679-846A-4E28-B71A-BBF0208DBA1E}"
EndProject
Global
	GlobalSection(SolutionConfigurationPlatforms) = preSolution
		Debug|Any CPU = Debug|Any CPU
		Debug|x64 = Debug|x64
		Debug|x86 = Debug|x86
		Release|Any CPU = Release|Any CPU
		Release|x64 = Release|x64
		Release|x86 = Release|x86
	EndGlobalSection
	GlobalSection(ProjectConfigurationPlatforms) = postSolution
		{D33A72F9-8B0C-4244-971E-78A678E7548E}.Debug|Any CPU.ActiveCfg = Debug|Any CPU
		{D33A72F9-8B0C-4244-971E-78A678E7548E}.Debug|Any CPU.Build.0 = Debug|Any CPU
		{D33A72F9-8B0C-4244-971E-78A678E7548E}.Debug|x64.ActiveCfg = Debug|Any CPU
		{D33A72F9-8B0C-4244-971E-78A678E7548E}.Debug|x64.Build.0 = Debug|Any CPU
		{D33A72F9-8B0C-4244-971E-78A678E7548E}.Debug|x86.ActiveCfg = Debug|Any CPU
		{D33A72F9-8B0C-4244-971E-78A678E7548E}.Debug|x86.Build.0 = Debug|Any CPU
		{D33A72F9-8B0C-4244-971E-78A678E7548E}.Release|Any CPU.ActiveCfg = Release|Any CPU
		{D33A72F9-8B0C-4244-971E-78A678E7548E}.Release|Any CPU.Build.0 = Release|Any CPU
		{D33A72F9-8B0C-4244-971E-78A678E7548E}.Release|x64.ActiveCfg = Release|Any CPU
		{D33A72F9-8B0C-4244-971E-78A678E7548E}.Release|x64.Build.0 = Release|Any CPU
		{D33A72F9-8B0C-4244-971E-78A678E7548E}.Release|x86.ActiveCfg = Release|Any CPU
		{D33A72F9-8B0C-4244-971E-78A678E7548E}.Release|x86.Build.0 = Release|Any CPU
		{054B86DD-053B-4E7E-9136-AED428A46319}.Debug|Any CPU.ActiveCfg = Debug|Any CPU
		{054B86DD-053B-4E7E-9136-AED428A46319}.Debug|Any CPU.Build.0 = Debug|Any CPU
		{054B86DD-053B-4E7E-9136-AED428A46319}.Debug|x64.ActiveCfg = Debug|Any CPU
		{054B86DD-053B-4E7E-9136-AED428A46319}.Debug|x64.Build.0 = Debug|Any CPU
		{054B86DD-053B-4E7E-9136-AED428A46319}.Debug|x86.ActiveCfg = Debug|Any CPU
		{054B86DD-053B-4E7E-9136-AED428A46319}.Debug|x86.Build.0 = Debug|Any CPU
		{054B86DD-053B-4E7E-9136-AED428A46319}.Release|Any CPU.ActiveCfg = Release|Any CPU
		{054B86DD-053B-4E7E-9136-AED428A46319}.Release|Any CPU.Build.0 = Release|Any CPU
		{054B86DD-053B-4E7E-9136-AED428A46319}.Release|x64.ActiveCfg = Release|Any CPU
		{054B86DD-053B-4E7E-9136-AED428A46319}.Release|x64.Build.0 = Release|Any CPU
		{054B86DD-053B-4E7E-9136-AED428A46319}.Release|x86.ActiveCfg = Release|Any CPU
		{054B86DD-053B-4E7E-9136-AED428A46319}.Release|x86.Build.0 = Release|Any CPU
		{B38EDB70-048F-4937-B7C4-38DE3AC4B41F}.Debug|Any CPU.ActiveCfg = Debug|Any CPU
		{B38EDB70-048F-4937-B7C4-38DE3AC4B41F}.Debug|Any CPU.Build.0 = Debug|Any CPU
		{B38EDB70-048F-4937-B7C4-38DE3AC4B41F}.Debug|x64.ActiveCfg = Debug|Any CPU
		{B38EDB70-048F-4937-B7C4-38DE3AC4B41F}.Debug|x64.Build.0 = Debug|Any CPU
		{B38EDB70-048F-4937-B7C4-38DE3AC4B41F}.Debug|x86.ActiveCfg = Debug|Any CPU
		{B38EDB70-048F-4937-B7C4-38DE3AC4B41F}.Debug|x86.Build.0 = Debug|Any CPU
		{B38EDB70-048F-4937-B7C4-38DE3AC4B41F}.Release|Any CPU.ActiveCfg = Release|Any CPU
		{B38EDB70-048F-4937-B7C4-38DE3AC4B41F}.Release|Any CPU.Build.0 = Release|Any CPU
		{B38EDB70-048F-4937-B7C4-38DE3AC4B41F}.Release|x64.ActiveCfg = Release|Any CPU
		{B38EDB70-048F-4937-B7C4-38DE3AC4B41F}.Release|x64.Build.0 = Release|Any CPU
		{B38EDB70-048F-4937-B7C4-38DE3AC4B41F}.Release|x86.ActiveCfg = Release|Any CPU
		{B38EDB70-048F-4937-B7C4-38DE3AC4B41F}.Release|x86.Build.0 = Release|Any CPU
		{8CEF015C-143C-44A7-8D62-929BAC6AF0BD}.Debug|Any CPU.ActiveCfg = Debug|Any CPU
		{8CEF015C-143C-44A7-8D62-929BAC6AF0BD}.Debug|Any CPU.Build.0 = Debug|Any CPU
		{8CEF015C-143C-44A7-8D62-929BAC6AF0BD}.Debug|x64.ActiveCfg = Debug|Any CPU
		{8CEF015C-143C-44A7-8D62-929BAC6AF0BD}.Debug|x64.Build.0 = Debug|Any CPU
		{8CEF015C-143C-44A7-8D62-929BAC6AF0BD}.Debug|x86.ActiveCfg = Debug|Any CPU
		{8CEF015C-143C-44A7-8D62-929BAC6AF0BD}.Debug|x86.Build.0 = Debug|Any CPU
		{8CEF015C-143C-44A7-8D62-929BAC6AF0BD}.Release|Any CPU.ActiveCfg = Release|Any CPU
		{8CEF015C-143C-44A7-8D62-929BAC6AF0BD}.Release|Any CPU.Build.0 = Release|Any CPU
		{8CEF015C-143C-44A7-8D62-929BAC6AF0BD}.Release|x64.ActiveCfg = Release|Any CPU
		{8CEF015C-143C-44A7-8D62-929BAC6AF0BD}.Release|x64.Build.0 = Release|Any CPU
		{8CEF015C-143C-44A7-8D62-929BAC6AF0BD}.Release|x86.ActiveCfg = Release|Any CPU
		{8CEF015C-143C-44A7-8D62-929BAC6AF0BD}.Release|x86.Build.0 = Release|Any CPU
		{D7CEF000-881E-4921-B952-C7F9BB198033}.Debug|Any CPU.ActiveCfg = Debug|Any CPU
		{D7CEF000-881E-4921-B952-C7F9BB198033}.Debug|Any CPU.Build.0 = Debug|Any CPU
		{D7CEF000-881E-4921-B952-C7F9BB198033}.Debug|x64.ActiveCfg = Debug|Any CPU
		{D7CEF000-881E-4921-B952-C7F9BB198033}.Debug|x64.Build.0 = Debug|Any CPU
		{D7CEF000-881E-4921-B952-C7F9BB198033}.Debug|x86.ActiveCfg = Debug|Any CPU
		{D7CEF000-881E-4921-B952-C7F9BB198033}.Debug|x86.Build.0 = Debug|Any CPU
		{D7CEF000-881E-4921-B952-C7F9BB198033}.Release|Any CPU.ActiveCfg = Release|Any CPU
		{D7CEF000-881E-4921-B952-C7F9BB198033}.Release|Any CPU.Build.0 = Release|Any CPU
		{D7CEF000-881E-4921-B952-C7F9BB198033}.Release|x64.ActiveCfg = Release|Any CPU
		{D7CEF000-881E-4921-B952-C7F9BB198033}.Release|x64.Build.0 = Release|Any CPU
		{D7CEF000-881E-4921-B952-C7F9BB198033}.Release|x86.ActiveCfg = Release|Any CPU
		{D7CEF000-881E-4921-B952-C7F9BB198033}.Release|x86.Build.0 = Release|Any CPU
		{35BDE09C-BDCE-4C77-B728-0812676B8CC9}.Debug|Any CPU.ActiveCfg = Debug|Any CPU
		{35BDE09C-BDCE-4C77-B728-0812676B8CC9}.Debug|Any CPU.Build.0 = Debug|Any CPU
		{35BDE09C-BDCE-4C77-B728-0812676B8CC9}.Debug|x64.ActiveCfg = Debug|Any CPU
		{35BDE09C-BDCE-4C77-B728-0812676B8CC9}.Debug|x64.Build.0 = Debug|Any CPU
		{35BDE09C-BDCE-4C77-B728-0812676B8CC9}.Debug|x86.ActiveCfg = Debug|Any CPU
		{35BDE09C-BDCE-4C77-B728-0812676B8CC9}.Debug|x86.Build.0 = Debug|Any CPU
		{35BDE09C-BDCE-4C77-B728-0812676B8CC9}.Release|Any CPU.ActiveCfg = Release|Any CPU
		{35BDE09C-BDCE-4C77-B728-0812676B8CC9}.Release|Any CPU.Build.0 = Release|Any CPU
		{35BDE09C-BDCE-4C77-B728-0812676B8CC9}.Release|x64.ActiveCfg = Release|Any CPU
		{35BDE09C-BDCE-4C77-B728-0812676B8CC9}.Release|x64.Build.0 = Release|Any CPU
		{35BDE09C-BDCE-4C77-B728-0812676B8CC9}.Release|x86.ActiveCfg = Release|Any CPU
		{35BDE09C-BDCE-4C77-B728-0812676B8CC9}.Release|x86.Build.0 = Release|Any CPU
		{57EAECD9-4DEC-4D1D-9CCE-1748AF282E96}.Debug|Any CPU.ActiveCfg = Debug|Any CPU
		{57EAECD9-4DEC-4D1D-9CCE-1748AF282E96}.Debug|Any CPU.Build.0 = Debug|Any CPU
		{57EAECD9-4DEC-4D1D-9CCE-1748AF282E96}.Debug|x64.ActiveCfg = Debug|Any CPU
		{57EAECD9-4DEC-4D1D-9CCE-1748AF282E96}.Debug|x64.Build.0 = Debug|Any CPU
		{57EAECD9-4DEC-4D1D-9CCE-1748AF282E96}.Debug|x86.ActiveCfg = Debug|Any CPU
		{57EAECD9-4DEC-4D1D-9CCE-1748AF282E96}.Debug|x86.Build.0 = Debug|Any CPU
		{57EAECD9-4DEC-4D1D-9CCE-1748AF282E96}.Release|Any CPU.ActiveCfg = Release|Any CPU
		{57EAECD9-4DEC-4D1D-9CCE-1748AF282E96}.Release|Any CPU.Build.0 = Release|Any CPU
		{57EAECD9-4DEC-4D1D-9CCE-1748AF282E96}.Release|x64.ActiveCfg = Release|Any CPU
		{57EAECD9-4DEC-4D1D-9CCE-1748AF282E96}.Release|x64.Build.0 = Release|Any CPU
		{57EAECD9-4DEC-4D1D-9CCE-1748AF282E96}.Release|x86.ActiveCfg = Release|Any CPU
		{57EAECD9-4DEC-4D1D-9CCE-1748AF282E96}.Release|x86.Build.0 = Release|Any CPU
		{FB8A9656-CE43-4572-8936-D34709F80227}.Debug|Any CPU.ActiveCfg = Debug|Any CPU
		{FB8A9656-CE43-4572-8936-D34709F80227}.Debug|Any CPU.Build.0 = Debug|Any CPU
		{FB8A9656-CE43-4572-8936-D34709F80227}.Debug|x64.ActiveCfg = Debug|Any CPU
		{FB8A9656-CE43-4572-8936-D34709F80227}.Debug|x64.Build.0 = Debug|Any CPU
		{FB8A9656-CE43-4572-8936-D34709F80227}.Debug|x86.ActiveCfg = Debug|Any CPU
		{FB8A9656-CE43-4572-8936-D34709F80227}.Debug|x86.Build.0 = Debug|Any CPU
		{FB8A9656-CE43-4572-8936-D34709F80227}.Release|Any CPU.ActiveCfg = Release|Any CPU
		{FB8A9656-CE43-4572-8936-D34709F80227}.Release|Any CPU.Build.0 = Release|Any CPU
		{FB8A9656-CE43-4572-8936-D34709F80227}.Release|x64.ActiveCfg = Release|Any CPU
		{FB8A9656-CE43-4572-8936-D34709F80227}.Release|x64.Build.0 = Release|Any CPU
		{FB8A9656-CE43-4572-8936-D34709F80227}.Release|x86.ActiveCfg = Release|Any CPU
		{FB8A9656-CE43-4572-8936-D34709F80227}.Release|x86.Build.0 = Release|Any CPU
		{ACE170D7-5D42-4310-872E-63B154900BA1}.Debug|Any CPU.ActiveCfg = Debug|Any CPU
		{ACE170D7-5D42-4310-872E-63B154900BA1}.Debug|Any CPU.Build.0 = Debug|Any CPU
		{ACE170D7-5D42-4310-872E-63B154900BA1}.Debug|x64.ActiveCfg = Debug|Any CPU
		{ACE170D7-5D42-4310-872E-63B154900BA1}.Debug|x64.Build.0 = Debug|Any CPU
		{ACE170D7-5D42-4310-872E-63B154900BA1}.Debug|x86.ActiveCfg = Debug|Any CPU
		{ACE170D7-5D42-4310-872E-63B154900BA1}.Debug|x86.Build.0 = Debug|Any CPU
		{ACE170D7-5D42-4310-872E-63B154900BA1}.Release|Any CPU.ActiveCfg = Release|Any CPU
		{ACE170D7-5D42-4310-872E-63B154900BA1}.Release|Any CPU.Build.0 = Release|Any CPU
		{ACE170D7-5D42-4310-872E-63B154900BA1}.Release|x64.ActiveCfg = Release|Any CPU
		{ACE170D7-5D42-4310-872E-63B154900BA1}.Release|x64.Build.0 = Release|Any CPU
		{ACE170D7-5D42-4310-872E-63B154900BA1}.Release|x86.ActiveCfg = Release|Any CPU
		{ACE170D7-5D42-4310-872E-63B154900BA1}.Release|x86.Build.0 = Release|Any CPU
		{1EA5E679-846A-4E28-B71A-BBF0208DBA1E}.Debug|Any CPU.ActiveCfg = Debug|Any CPU
		{1EA5E679-846A-4E28-B71A-BBF0208DBA1E}.Debug|Any CPU.Build.0 = Debug|Any CPU
		{1EA5E679-846A-4E28-B71A-BBF0208DBA1E}.Debug|x64.ActiveCfg = Debug|Any CPU
		{1EA5E679-846A-4E28-B71A-BBF0208DBA1E}.Debug|x64.Build.0 = Debug|Any CPU
		{1EA5E679-846A-4E28-B71A-BBF0208DBA1E}.Debug|x86.ActiveCfg = Debug|Any CPU
		{1EA5E679-846A-4E28-B71A-BBF0208DBA1E}.Debug|x86.Build.0 = Debug|Any CPU
		{1EA5E679-846A-4E28-B71A-BBF0208DBA1E}.Release|Any CPU.ActiveCfg = Release|Any CPU
		{1EA5E679-846A-4E28-B71A-BBF0208DBA1E}.Release|Any CPU.Build.0 = Release|Any CPU
		{1EA5E679-846A-4E28-B71A-BBF0208DBA1E}.Release|x64.ActiveCfg = Release|Any CPU
		{1EA5E679-846A-4E28-B71A-BBF0208DBA1E}.Release|x64.Build.0 = Release|Any CPU
		{1EA5E679-846A-4E28-B71A-BBF0208DBA1E}.Release|x86.ActiveCfg = Release|Any CPU
		{1EA5E679-846A-4E28-B71A-BBF0208DBA1E}.Release|x86.Build.0 = Release|Any CPU
	EndGlobalSection
	GlobalSection(SolutionProperties) = preSolution
		HideSolutionNode = FALSE
	EndGlobalSection
	GlobalSection(NestedProjects) = preSolution
		{D33A72F9-8B0C-4244-971E-78A678E7548E} = {827E0CD3-B72D-47B6-A68D-7590B98EB39B}
		{054B86DD-053B-4E7E-9136-AED428A46319} = {827E0CD3-B72D-47B6-A68D-7590B98EB39B}
		{B38EDB70-048F-4937-B7C4-38DE3AC4B41F} = {827E0CD3-B72D-47B6-A68D-7590B98EB39B}
		{8CEF015C-143C-44A7-8D62-929BAC6AF0BD} = {827E0CD3-B72D-47B6-A68D-7590B98EB39B}
		{D7CEF000-881E-4921-B952-C7F9BB198033} = {0AB3BF05-4346-4AA6-1389-037BE0695223}
		{35BDE09C-BDCE-4C77-B728-0812676B8CC9} = {0AB3BF05-4346-4AA6-1389-037BE0695223}
		{57EAECD9-4DEC-4D1D-9CCE-1748AF282E96} = {0AB3BF05-4346-4AA6-1389-037BE0695223}
		{FB8A9656-CE43-4572-8936-D34709F80227} = {827E0CD3-B72D-47B6-A68D-7590B98EB39B}
		{ACE170D7-5D42-4310-872E-63B154900BA1} = {827E0CD3-B72D-47B6-A68D-7590B98EB39B}
		{1EA5E679-846A-4E28-B71A-BBF0208DBA1E} = {07C2787E-EAC7-C090-1BA3-A61EC2A24D84}
	EndGlobalSection
EndGlobal
